
Microsoft Visual Studio Solution File, Format Version 12.00
# Visual Studio Version 17
VisualStudioVersion = 17.7.34031.279
MinimumVisualStudioVersion = 10.0.40219.1
Project("{FAE04EC0-301F-11D3-BF4B-00C04F79EFBC}") = "CenIT.Providers.AppMembership", "CenIT.Providers.AppMembership\CenIT.Providers.AppMembership.csproj", "{E7E1C130-5CEA-4A8C-B46F-D051B017DA37}"
EndProject
Project("{FAE04EC0-301F-11D3-BF4B-00C04F79EFBC}") = "Plugable.SQLProcedureAuthority", "Plugable.SQLProcedureAuthority\Plugable.SQLProcedureAuthority.csproj", "{74276BB8-A525-4440-B76B-8D7BAF01DD41}"
EndProject
Project("{2150E333-8FDC-42A3-9474-1A3956D46DE8}") = "Plugables", "Plugables", "{C3E6331C-DCC1-4B46-820D-BBA13A0625BC}"
EndProject
Project("{FAE04EC0-301F-11D3-BF4B-00C04F79EFBC}") = "Plugable.SQLStoreProcedure", "Plugable.SQLStoreProcedure\Plugable.SQLStoreProcedure.csproj", "{4CC405EC-71DF-44CC-9C6E-991F51CDDBAF}"
EndProject
Project("{2150E333-8FDC-42A3-9474-1A3956D46DE8}") = "TSFrameworks", "TSFrameworks", "{4DDB6D7F-330B-450A-9982-B84FECCBC2DA}"
EndProject
Project("{FAE04EC0-301F-11D3-BF4B-00C04F79EFBC}") = "TSFramework.Plugable", "TSFramework.Plugable\TSFramework.Plugable.csproj", "{72873826-1ECF-4204-BA56-C3842399BB54}"
EndProject
Project("{FAE04EC0-301F-11D3-BF4B-00C04F79EFBC}") = "TSFramework.Core", "TSFramework.Core\TSFramework.Core.csproj", "{04290B90-CB09-4C09-8F26-1BE6728ED3F7}"
EndProject
Project("{FAE04EC0-301F-11D3-BF4B-00C04F79EFBC}") = "TSFramework.App", "TSFramework.App\TSFramework.App.csproj", "{0577F056-6B2C-4CDA-B85B-4E47AA37DDB4}"
EndProject
Project("{2150E333-8FDC-42A3-9474-1A3956D46DE8}") = "Modules", "Modules", "{1B6E906B-D789-4F2A-B031-B9952C951195}"
EndProject
Project("{FAE04EC0-301F-11D3-BF4B-00C04F79EFBC}") = "Modules.Sys", "Modules.Sys\Modules.Sys.csproj", "{515140F8-3569-4B6E-9FE4-862BFC681FEC}"
EndProject
Project("{2150E333-8FDC-42A3-9474-1A3956D46DE8}") = "Cores", "Cores", "{1F83B58E-55AE-440F-A3F9-B54CE699E7D4}"
EndProject
Project("{FAE04EC0-301F-11D3-BF4B-00C04F79EFBC}") = "Cores.Sys", "Cores.Sys\Cores.Sys.csproj", "{2D1B4978-0E30-4207-8CAA-A51634745941}"
EndProject
Project("{FAE04EC0-301F-11D3-BF4B-00C04F79EFBC}") = "Cores.Cate", "Cores.Cate\Cores.Cate.csproj", "{10BF9925-7656-4F18-9181-9626D8ADDDF8}"
EndProject
Project("{FAE04EC0-301F-11D3-BF4B-00C04F79EFBC}") = "Modules.Cate", "Modules.Cate\Modules.Cate.csproj", "{365B1C55-8BF5-4862-B816-DDA39999D46D}"
EndProject
Project("{FAE04EC0-301F-11D3-BF4B-00C04F79EFBC}") = "Cores.Major", "Cores.Major\Cores.Major.csproj", "{872A1104-A149-4125-97F2-9D55411D0BC0}"
EndProject
Project("{FAE04EC0-301F-11D3-BF4B-00C04F79EFBC}") = "Modules.Major", "Modules.Major\Modules.Major.csproj", "{F0734907-1281-45DE-86C6-8BA3CC67C304}"
EndProject
Project("{FAE04EC0-301F-11D3-BF4B-00C04F79EFBC}") = "Cores.Base", "Cores.Base\Cores.Base.csproj", "{3170EEC6-3DE7-4B91-A0FF-9617EA9EF9F2}"
EndProject
Project("{FAE04EC0-301F-11D3-BF4B-00C04F79EFBC}") = "CenIT.Solution.QLHD.WebApp", "CenIT.Solution.QLHD.WebApp\CenIT.Solution.QLHD.WebApp.csproj", "{AF622323-B818-4244-804D-D71A6ADAEE66}"
EndProject
Project("{FAE04EC0-301F-11D3-BF4B-00C04F79EFBC}") = "Modules.eContract", "Modules.eContract\Modules.eContract.csproj", "{801718D7-DE92-4B81-829F-B512B56687E3}"
EndProject
Project("{FAE04EC0-301F-11D3-BF4B-00C04F79EFBC}") = "Cores.eContract", "Cores.eContract\Cores.eContract.csproj", "{A5A845DF-55E7-4517-9806-1153C3CAFC0D}"
EndProject
Project("{2150E333-8FDC-42A3-9474-1A3956D46DE8}") = "Test", "Test", "{FE1083D0-0DB6-4D00-B580-45AAE41EA660}"
EndProject
Project("{FAE04EC0-301F-11D3-BF4B-00C04F79EFBC}") = "CenIT.Solution.QLHD.Test", "CenIT.Solution.QLHD.Test\CenIT.Solution.QLHD.Test.csproj", "{C935B3E1-D9EC-4987-BE2D-B070BDBE5FE7}"
EndProject
Project("{2150E333-8FDC-42A3-9474-1A3956D46DE8}") = "Extends", "Extends", "{12D957C3-0AC9-4AC6-BDEA-4F4947C1A7D6}"
EndProject
Project("{2150E333-8FDC-42A3-9474-1A3956D46DE8}") = "Notifications", "Notifications", "{B8B7A4BD-A3B1-43FE-86A1-283437238DFC}"
EndProject
Project("{FAE04EC0-301F-11D3-BF4B-00C04F79EFBC}") = "Extends.Notifications.Email", "Extends.Notifications.Email\Extends.Notifications.Email.csproj", "{CF78C16F-465B-4B90-A170-349C8B742345}"
EndProject
Project("{FAE04EC0-301F-11D3-BF4B-00C04F79EFBC}") = "Extends.Notifications.SMS", "Extends.Notifications.SMS\Extends.Notifications.SMS.csproj", "{D5FA7027-6848-41D7-896B-B39336959929}"
EndProject
Project("{FAE04EC0-301F-11D3-BF4B-00C04F79EFBC}") = "Extends.Notifications.Zalo", "Extends.Notifications.Zalo\Extends.Notifications.Zalo.csproj", "{8D371184-6EDC-4E31-93DD-E95ED4CB2F95}"
EndProject
Project("{FAE04EC0-301F-11D3-BF4B-00C04F79EFBC}") = "Extends.Notifications.InSite", "Extends.Notifications.InSite\Extends.Notifications.InSite.csproj", "{BFC77CA4-162B-4CB9-81B3-AABA289D598F}"
EndProject
Project("{FAE04EC0-301F-11D3-BF4B-00C04F79EFBC}") = "Core.Inv", "Core.Inv\Core.Inv.csproj", "{8BAF0151-73F7-40B0-B165-154E8DB1063C}"
EndProject
Project("{2150E333-8FDC-42A3-9474-1A3956D46DE8}") = "Reports", "Reports", "{57436C3B-4EC5-41DD-A561-952CE8D6AC47}"
EndProject
Project("{FAE04EC0-301F-11D3-BF4B-00C04F79EFBC}") = "Reports.01.BaoCaoChiTietHopDongCongNo", "Reports.01.BaoCaoChiTietHopDongCongNo\Reports.01.BaoCaoChiTietHopDongCongNo.csproj", "{8748B3C8-5A36-48AC-B9EE-B5671F1D321D}"
EndProject
Project("{FAE04EC0-301F-11D3-BF4B-00C04F79EFBC}") = "Reports.02.BaoCaoTongHopCongNo", "Reports.02.BaoCaoTongHopCongNo\Reports.02.BaoCaoTongHopCongNo.csproj", "{2FBFF6AB-B681-4DCE-80A3-73013B086C27}"
EndProject
Project("{FAE04EC0-301F-11D3-BF4B-00C04F79EFBC}") = "Reports.03.BangKeThuTienHDDoDac", "Reports.03.BangKeThuTienHDDoDac\Reports.03.BangKeThuTienHDDoDac.csproj", "{19926E0F-4314-4EC1-A349-3D1182D2D6D2}"
EndProject
Project("{FAE04EC0-301F-11D3-BF4B-00C04F79EFBC}") = "Reports.04.BaoCaoTongHopDoDac", "Reports.04.BaoCaoTongHopDoDac\Reports.04.BaoCaoTongHopDoDac.csproj", "{A484063B-66BF-4BAA-B7F9-A77426DD5CAA}"
EndProject
Project("{FAE04EC0-301F-11D3-BF4B-00C04F79EFBC}") = "Reports.05.ThongKeHoSoHoanThanh", "Reports.05.ThongKeHoSoHoanThanh\Reports.05.ThongKeHoSoHoanThanh.csproj", "{8DF779D8-2DC9-484F-B3DF-0E36EEF5F77B}"
EndProject
Project("{FAE04EC0-301F-11D3-BF4B-00C04F79EFBC}") = "CenIT.Lib.SMSBrandName", "CenIT.Lib.SMSBrandName\CenIT.Lib.SMSBrandName.csproj", "{940C1339-CC57-4B72-A71C-9AEEC646C374}"
EndProject
Project("{FAE04EC0-301F-11D3-BF4B-00C04F79EFBC}") = "Extends.Messager", "Extends.Messager\Extends.Messager.csproj", "{14CFC36C-47C8-493C-B030-494C5E84A672}"
EndProject
Project("{FAE04EC0-301F-11D3-BF4B-00C04F79EFBC}") = "Cores.VNPT.SmsMarketing", "Cores.VNPT.SmsMarketing\Cores.VNPT.SmsMarketing.csproj", "{D0FB8CD0-BA79-4941-B3AF-51DFAC57BB14}"
EndProject
Project("{2150E333-8FDC-42A3-9474-1A3956D46DE8}") = "Jobs", "Jobs", "{3B2C85D3-D4DC-4489-AA12-5E78BDD1B7D4}"
EndProject
Project("{FAE04EC0-301F-11D3-BF4B-00C04F79EFBC}") = "CenIT.Solution.QLHD.Jobs.RefreshJob", "CenIT.Solution.QLHD.Jobs.RefreshJob\CenIT.Solution.QLHD.Jobs.RefreshJob.csproj", "{24F5828D-969E-484C-9753-B450E4221F35}"
EndProject
Project("{FAE04EC0-301F-11D3-BF4B-00C04F79EFBC}") = "CenIT.Solution.QLHD.Jobs.CalcRemainingDays", "CenIT.Solution.QLHD.Jobs.CalcRemainingDays\CenIT.Solution.QLHD.Jobs.CalcRemainingDays.csproj", "{B4DFF1FD-8929-44C4-8CE8-899B1DC8CC41}"
EndProject
Project("{FAE04EC0-301F-11D3-BF4B-00C04F79EFBC}") = "Reports.06.BaoCaoChiTietHoaDon", "Reports.06.BaoCaoChiTietHoaDon\Reports.06.BaoCaoChiTietHoaDon.csproj", "{F99213A7-6DE3-45DB-B509-5A286081CC01}"
EndProject
Global
	GlobalSection(SolutionConfigurationPlatforms) = preSolution
		Debug|Any CPU = Debug|Any CPU
		Release|Any CPU = Release|Any CPU
	EndGlobalSection
	GlobalSection(ProjectConfigurationPlatforms) = postSolution
		{E7E1C130-5CEA-4A8C-B46F-D051B017DA37}.Debug|Any CPU.ActiveCfg = Debug|Any CPU
		{E7E1C130-5CEA-4A8C-B46F-D051B017DA37}.Debug|Any CPU.Build.0 = Debug|Any CPU
		{E7E1C130-5CEA-4A8C-B46F-D051B017DA37}.Release|Any CPU.ActiveCfg = Release|Any CPU
		{E7E1C130-5CEA-4A8C-B46F-D051B017DA37}.Release|Any CPU.Build.0 = Release|Any CPU
		{74276BB8-A525-4440-B76B-8D7BAF01DD41}.Debug|Any CPU.ActiveCfg = Debug|Any CPU
		{74276BB8-A525-4440-B76B-8D7BAF01DD41}.Debug|Any CPU.Build.0 = Debug|Any CPU
		{74276BB8-A525-4440-B76B-8D7BAF01DD41}.Release|Any CPU.ActiveCfg = Release|Any CPU
		{74276BB8-A525-4440-B76B-8D7BAF01DD41}.Release|Any CPU.Build.0 = Release|Any CPU
		{4CC405EC-71DF-44CC-9C6E-991F51CDDBAF}.Debug|Any CPU.ActiveCfg = Debug|Any CPU
		{4CC405EC-71DF-44CC-9C6E-991F51CDDBAF}.Debug|Any CPU.Build.0 = Debug|Any CPU
		{4CC405EC-71DF-44CC-9C6E-991F51CDDBAF}.Release|Any CPU.ActiveCfg = Release|Any CPU
		{4CC405EC-71DF-44CC-9C6E-991F51CDDBAF}.Release|Any CPU.Build.0 = Release|Any CPU
		{72873826-1ECF-4204-BA56-C3842399BB54}.Debug|Any CPU.ActiveCfg = Debug|Any CPU
		{72873826-1ECF-4204-BA56-C3842399BB54}.Debug|Any CPU.Build.0 = Debug|Any CPU
		{72873826-1ECF-4204-BA56-C3842399BB54}.Release|Any CPU.ActiveCfg = Release|Any CPU
		{72873826-1ECF-4204-BA56-C3842399BB54}.Release|Any CPU.Build.0 = Release|Any CPU
		{04290B90-CB09-4C09-8F26-1BE6728ED3F7}.Debug|Any CPU.ActiveCfg = Debug|Any CPU
		{04290B90-CB09-4C09-8F26-1BE6728ED3F7}.Debug|Any CPU.Build.0 = Debug|Any CPU
		{04290B90-CB09-4C09-8F26-1BE6728ED3F7}.Release|Any CPU.ActiveCfg = Release|Any CPU
		{04290B90-CB09-4C09-8F26-1BE6728ED3F7}.Release|Any CPU.Build.0 = Release|Any CPU
		{0577F056-6B2C-4CDA-B85B-4E47AA37DDB4}.Debug|Any CPU.ActiveCfg = Debug|Any CPU
		{0577F056-6B2C-4CDA-B85B-4E47AA37DDB4}.Debug|Any CPU.Build.0 = Debug|Any CPU
		{0577F056-6B2C-4CDA-B85B-4E47AA37DDB4}.Release|Any CPU.ActiveCfg = Release|Any CPU
		{0577F056-6B2C-4CDA-B85B-4E47AA37DDB4}.Release|Any CPU.Build.0 = Release|Any CPU
		{515140F8-3569-4B6E-9FE4-862BFC681FEC}.Debug|Any CPU.ActiveCfg = Debug|Any CPU
		{515140F8-3569-4B6E-9FE4-862BFC681FEC}.Debug|Any CPU.Build.0 = Debug|Any CPU
		{515140F8-3569-4B6E-9FE4-862BFC681FEC}.Release|Any CPU.ActiveCfg = Release|Any CPU
		{515140F8-3569-4B6E-9FE4-862BFC681FEC}.Release|Any CPU.Build.0 = Release|Any CPU
		{2D1B4978-0E30-4207-8CAA-A51634745941}.Debug|Any CPU.ActiveCfg = Debug|Any CPU
		{2D1B4978-0E30-4207-8CAA-A51634745941}.Debug|Any CPU.Build.0 = Debug|Any CPU
		{2D1B4978-0E30-4207-8CAA-A51634745941}.Release|Any CPU.ActiveCfg = Release|Any CPU
		{2D1B4978-0E30-4207-8CAA-A51634745941}.Release|Any CPU.Build.0 = Release|Any CPU
		{10BF9925-7656-4F18-9181-9626D8ADDDF8}.Debug|Any CPU.ActiveCfg = Debug|Any CPU
		{10BF9925-7656-4F18-9181-9626D8ADDDF8}.Debug|Any CPU.Build.0 = Debug|Any CPU
		{10BF9925-7656-4F18-9181-9626D8ADDDF8}.Release|Any CPU.ActiveCfg = Release|Any CPU
		{10BF9925-7656-4F18-9181-9626D8ADDDF8}.Release|Any CPU.Build.0 = Release|Any CPU
		{365B1C55-8BF5-4862-B816-DDA39999D46D}.Debug|Any CPU.ActiveCfg = Debug|Any CPU
		{365B1C55-8BF5-4862-B816-DDA39999D46D}.Debug|Any CPU.Build.0 = Debug|Any CPU
		{365B1C55-8BF5-4862-B816-DDA39999D46D}.Release|Any CPU.ActiveCfg = Release|Any CPU
		{365B1C55-8BF5-4862-B816-DDA39999D46D}.Release|Any CPU.Build.0 = Release|Any CPU
		{872A1104-A149-4125-97F2-9D55411D0BC0}.Debug|Any CPU.ActiveCfg = Debug|Any CPU
		{872A1104-A149-4125-97F2-9D55411D0BC0}.Debug|Any CPU.Build.0 = Debug|Any CPU
		{872A1104-A149-4125-97F2-9D55411D0BC0}.Release|Any CPU.ActiveCfg = Release|Any CPU
		{872A1104-A149-4125-97F2-9D55411D0BC0}.Release|Any CPU.Build.0 = Release|Any CPU
		{F0734907-1281-45DE-86C6-8BA3CC67C304}.Debug|Any CPU.ActiveCfg = Debug|Any CPU
		{F0734907-1281-45DE-86C6-8BA3CC67C304}.Debug|Any CPU.Build.0 = Debug|Any CPU
		{F0734907-1281-45DE-86C6-8BA3CC67C304}.Release|Any CPU.ActiveCfg = Release|Any CPU
		{F0734907-1281-45DE-86C6-8BA3CC67C304}.Release|Any CPU.Build.0 = Release|Any CPU
		{3170EEC6-3DE7-4B91-A0FF-9617EA9EF9F2}.Debug|Any CPU.ActiveCfg = Debug|Any CPU
		{3170EEC6-3DE7-4B91-A0FF-9617EA9EF9F2}.Debug|Any CPU.Build.0 = Debug|Any CPU
		{3170EEC6-3DE7-4B91-A0FF-9617EA9EF9F2}.Release|Any CPU.ActiveCfg = Release|Any CPU
		{3170EEC6-3DE7-4B91-A0FF-9617EA9EF9F2}.Release|Any CPU.Build.0 = Release|Any CPU
		{AF622323-B818-4244-804D-D71A6ADAEE66}.Debug|Any CPU.ActiveCfg = Debug|Any CPU
		{AF622323-B818-4244-804D-D71A6ADAEE66}.Debug|Any CPU.Build.0 = Debug|Any CPU
		{AF622323-B818-4244-804D-D71A6ADAEE66}.Release|Any CPU.ActiveCfg = Release|Any CPU
		{AF622323-B818-4244-804D-D71A6ADAEE66}.Release|Any CPU.Build.0 = Release|Any CPU
		{801718D7-DE92-4B81-829F-B512B56687E3}.Debug|Any CPU.ActiveCfg = Debug|Any CPU
		{801718D7-DE92-4B81-829F-B512B56687E3}.Debug|Any CPU.Build.0 = Debug|Any CPU
		{801718D7-DE92-4B81-829F-B512B56687E3}.Release|Any CPU.ActiveCfg = Release|Any CPU
		{801718D7-DE92-4B81-829F-B512B56687E3}.Release|Any CPU.Build.0 = Release|Any CPU
		{A5A845DF-55E7-4517-9806-1153C3CAFC0D}.Debug|Any CPU.ActiveCfg = Debug|Any CPU
		{A5A845DF-55E7-4517-9806-1153C3CAFC0D}.Debug|Any CPU.Build.0 = Debug|Any CPU
		{A5A845DF-55E7-4517-9806-1153C3CAFC0D}.Release|Any CPU.ActiveCfg = Release|Any CPU
		{A5A845DF-55E7-4517-9806-1153C3CAFC0D}.Release|Any CPU.Build.0 = Release|Any CPU
		{C935B3E1-D9EC-4987-BE2D-B070BDBE5FE7}.Debug|Any CPU.ActiveCfg = Debug|Any CPU
		{C935B3E1-D9EC-4987-BE2D-B070BDBE5FE7}.Debug|Any CPU.Build.0 = Debug|Any CPU
		{C935B3E1-D9EC-4987-BE2D-B070BDBE5FE7}.Release|Any CPU.ActiveCfg = Release|Any CPU
		{C935B3E1-D9EC-4987-BE2D-B070BDBE5FE7}.Release|Any CPU.Build.0 = Release|Any CPU
		{CF78C16F-465B-4B90-A170-349C8B742345}.Debug|Any CPU.ActiveCfg = Debug|Any CPU
		{CF78C16F-465B-4B90-A170-349C8B742345}.Debug|Any CPU.Build.0 = Debug|Any CPU
		{CF78C16F-465B-4B90-A170-349C8B742345}.Release|Any CPU.ActiveCfg = Release|Any CPU
		{CF78C16F-465B-4B90-A170-349C8B742345}.Release|Any CPU.Build.0 = Release|Any CPU
		{D5FA7027-6848-41D7-896B-B39336959929}.Debug|Any CPU.ActiveCfg = Debug|Any CPU
		{D5FA7027-6848-41D7-896B-B39336959929}.Debug|Any CPU.Build.0 = Debug|Any CPU
		{D5FA7027-6848-41D7-896B-B39336959929}.Release|Any CPU.ActiveCfg = Release|Any CPU
		{D5FA7027-6848-41D7-896B-B39336959929}.Release|Any CPU.Build.0 = Release|Any CPU
		{8D371184-6EDC-4E31-93DD-E95ED4CB2F95}.Debug|Any CPU.ActiveCfg = Debug|Any CPU
		{8D371184-6EDC-4E31-93DD-E95ED4CB2F95}.Debug|Any CPU.Build.0 = Debug|Any CPU
		{8D371184-6EDC-4E31-93DD-E95ED4CB2F95}.Release|Any CPU.ActiveCfg = Release|Any CPU
		{8D371184-6EDC-4E31-93DD-E95ED4CB2F95}.Release|Any CPU.Build.0 = Release|Any CPU
		{BFC77CA4-162B-4CB9-81B3-AABA289D598F}.Debug|Any CPU.ActiveCfg = Debug|Any CPU
		{BFC77CA4-162B-4CB9-81B3-AABA289D598F}.Debug|Any CPU.Build.0 = Debug|Any CPU
		{BFC77CA4-162B-4CB9-81B3-AABA289D598F}.Release|Any CPU.ActiveCfg = Release|Any CPU
		{BFC77CA4-162B-4CB9-81B3-AABA289D598F}.Release|Any CPU.Build.0 = Release|Any CPU
		{8BAF0151-73F7-40B0-B165-154E8DB1063C}.Debug|Any CPU.ActiveCfg = Debug|Any CPU
		{8BAF0151-73F7-40B0-B165-154E8DB1063C}.Debug|Any CPU.Build.0 = Debug|Any CPU
		{8BAF0151-73F7-40B0-B165-154E8DB1063C}.Release|Any CPU.ActiveCfg = Release|Any CPU
		{8BAF0151-73F7-40B0-B165-154E8DB1063C}.Release|Any CPU.Build.0 = Release|Any CPU
		{8748B3C8-5A36-48AC-B9EE-B5671F1D321D}.Debug|Any CPU.ActiveCfg = Debug|Any CPU
		{8748B3C8-5A36-48AC-B9EE-B5671F1D321D}.Debug|Any CPU.Build.0 = Debug|Any CPU
		{8748B3C8-5A36-48AC-B9EE-B5671F1D321D}.Release|Any CPU.ActiveCfg = Release|Any CPU
		{8748B3C8-5A36-48AC-B9EE-B5671F1D321D}.Release|Any CPU.Build.0 = Release|Any CPU
		{2FBFF6AB-B681-4DCE-80A3-73013B086C27}.Debug|Any CPU.ActiveCfg = Debug|Any CPU
		{2FBFF6AB-B681-4DCE-80A3-73013B086C27}.Debug|Any CPU.Build.0 = Debug|Any CPU
		{2FBFF6AB-B681-4DCE-80A3-73013B086C27}.Release|Any CPU.ActiveCfg = Release|Any CPU
		{2FBFF6AB-B681-4DCE-80A3-73013B086C27}.Release|Any CPU.Build.0 = Release|Any CPU
		{19926E0F-4314-4EC1-A349-3D1182D2D6D2}.Debug|Any CPU.ActiveCfg = Debug|Any CPU
		{19926E0F-4314-4EC1-A349-3D1182D2D6D2}.Debug|Any CPU.Build.0 = Debug|Any CPU
		{19926E0F-4314-4EC1-A349-3D1182D2D6D2}.Release|Any CPU.ActiveCfg = Release|Any CPU
		{19926E0F-4314-4EC1-A349-3D1182D2D6D2}.Release|Any CPU.Build.0 = Release|Any CPU
		{A484063B-66BF-4BAA-B7F9-A77426DD5CAA}.Debug|Any CPU.ActiveCfg = Debug|Any CPU
		{A484063B-66BF-4BAA-B7F9-A77426DD5CAA}.Debug|Any CPU.Build.0 = Debug|Any CPU
		{A484063B-66BF-4BAA-B7F9-A77426DD5CAA}.Release|Any CPU.ActiveCfg = Release|Any CPU
		{A484063B-66BF-4BAA-B7F9-A77426DD5CAA}.Release|Any CPU.Build.0 = Release|Any CPU
		{8DF779D8-2DC9-484F-B3DF-0E36EEF5F77B}.Debug|Any CPU.ActiveCfg = Debug|Any CPU
		{8DF779D8-2DC9-484F-B3DF-0E36EEF5F77B}.Debug|Any CPU.Build.0 = Debug|Any CPU
		{8DF779D8-2DC9-484F-B3DF-0E36EEF5F77B}.Release|Any CPU.ActiveCfg = Release|Any CPU
		{8DF779D8-2DC9-484F-B3DF-0E36EEF5F77B}.Release|Any CPU.Build.0 = Release|Any CPU
		{940C1339-CC57-4B72-A71C-9AEEC646C374}.Debug|Any CPU.ActiveCfg = Debug|Any CPU
		{940C1339-CC57-4B72-A71C-9AEEC646C374}.Debug|Any CPU.Build.0 = Debug|Any CPU
		{940C1339-CC57-4B72-A71C-9AEEC646C374}.Release|Any CPU.ActiveCfg = Release|Any CPU
		{940C1339-CC57-4B72-A71C-9AEEC646C374}.Release|Any CPU.Build.0 = Release|Any CPU
		{14CFC36C-47C8-493C-B030-494C5E84A672}.Debug|Any CPU.ActiveCfg = Debug|Any CPU
		{14CFC36C-47C8-493C-B030-494C5E84A672}.Debug|Any CPU.Build.0 = Debug|Any CPU
		{14CFC36C-47C8-493C-B030-494C5E84A672}.Release|Any CPU.ActiveCfg = Release|Any CPU
		{14CFC36C-47C8-493C-B030-494C5E84A672}.Release|Any CPU.Build.0 = Release|Any CPU
		{D0FB8CD0-BA79-4941-B3AF-51DFAC57BB14}.Debug|Any CPU.ActiveCfg = Debug|Any CPU
		{D0FB8CD0-BA79-4941-B3AF-51DFAC57BB14}.Debug|Any CPU.Build.0 = Debug|Any CPU
		{D0FB8CD0-BA79-4941-B3AF-51DFAC57BB14}.Release|Any CPU.ActiveCfg = Release|Any CPU
		{D0FB8CD0-BA79-4941-B3AF-51DFAC57BB14}.Release|Any CPU.Build.0 = Release|Any CPU
		{24F5828D-969E-484C-9753-B450E4221F35}.Debug|Any CPU.ActiveCfg = Debug|Any CPU
		{24F5828D-969E-484C-9753-B450E4221F35}.Debug|Any CPU.Build.0 = Debug|Any CPU
		{24F5828D-969E-484C-9753-B450E4221F35}.Release|Any CPU.ActiveCfg = Release|Any CPU
		{24F5828D-969E-484C-9753-B450E4221F35}.Release|Any CPU.Build.0 = Release|Any CPU
		{B4DFF1FD-8929-44C4-8CE8-899B1DC8CC41}.Debug|Any CPU.ActiveCfg = Debug|Any CPU
		{B4DFF1FD-8929-44C4-8CE8-899B1DC8CC41}.Debug|Any CPU.Build.0 = Debug|Any CPU
		{B4DFF1FD-8929-44C4-8CE8-899B1DC8CC41}.Release|Any CPU.ActiveCfg = Release|Any CPU
		{B4DFF1FD-8929-44C4-8CE8-899B1DC8CC41}.Release|Any CPU.Build.0 = Release|Any CPU
		{F99213A7-6DE3-45DB-B509-5A286081CC01}.Debug|Any CPU.ActiveCfg = Debug|Any CPU
		{F99213A7-6DE3-45DB-B509-5A286081CC01}.Debug|Any CPU.Build.0 = Debug|Any CPU
		{F99213A7-6DE3-45DB-B509-5A286081CC01}.Release|Any CPU.ActiveCfg = Release|Any CPU
		{F99213A7-6DE3-45DB-B509-5A286081CC01}.Release|Any CPU.Build.0 = Release|Any CPU
	EndGlobalSection
	GlobalSection(SolutionProperties) = preSolution
		HideSolutionNode = FALSE
	EndGlobalSection
	GlobalSection(NestedProjects) = preSolution
		{74276BB8-A525-4440-B76B-8D7BAF01DD41} = {C3E6331C-DCC1-4B46-820D-BBA13A0625BC}
		{4CC405EC-71DF-44CC-9C6E-991F51CDDBAF} = {C3E6331C-DCC1-4B46-820D-BBA13A0625BC}
		{72873826-1ECF-4204-BA56-C3842399BB54} = {4DDB6D7F-330B-450A-9982-B84FECCBC2DA}
		{04290B90-CB09-4C09-8F26-1BE6728ED3F7} = {4DDB6D7F-330B-450A-9982-B84FECCBC2DA}
		{0577F056-6B2C-4CDA-B85B-4E47AA37DDB4} = {4DDB6D7F-330B-450A-9982-B84FECCBC2DA}
		{515140F8-3569-4B6E-9FE4-862BFC681FEC} = {1B6E906B-D789-4F2A-B031-B9952C951195}
		{2D1B4978-0E30-4207-8CAA-A51634745941} = {1F83B58E-55AE-440F-A3F9-B54CE699E7D4}
		{10BF9925-7656-4F18-9181-9626D8ADDDF8} = {1F83B58E-55AE-440F-A3F9-B54CE699E7D4}
		{365B1C55-8BF5-4862-B816-DDA39999D46D} = {1B6E906B-D789-4F2A-B031-B9952C951195}
		{872A1104-A149-4125-97F2-9D55411D0BC0} = {1F83B58E-55AE-440F-A3F9-B54CE699E7D4}
		{F0734907-1281-45DE-86C6-8BA3CC67C304} = {1B6E906B-D789-4F2A-B031-B9952C951195}
		{3170EEC6-3DE7-4B91-A0FF-9617EA9EF9F2} = {1F83B58E-55AE-440F-A3F9-B54CE699E7D4}
		{801718D7-DE92-4B81-829F-B512B56687E3} = {1B6E906B-D789-4F2A-B031-B9952C951195}
		{A5A845DF-55E7-4517-9806-1153C3CAFC0D} = {1F83B58E-55AE-440F-A3F9-B54CE699E7D4}
		{C935B3E1-D9EC-4987-BE2D-B070BDBE5FE7} = {FE1083D0-0DB6-4D00-B580-45AAE41EA660}
		{B8B7A4BD-A3B1-43FE-86A1-283437238DFC} = {12D957C3-0AC9-4AC6-BDEA-4F4947C1A7D6}
		{CF78C16F-465B-4B90-A170-349C8B742345} = {B8B7A4BD-A3B1-43FE-86A1-283437238DFC}
		{D5FA7027-6848-41D7-896B-B39336959929} = {B8B7A4BD-A3B1-43FE-86A1-283437238DFC}
		{8D371184-6EDC-4E31-93DD-E95ED4CB2F95} = {B8B7A4BD-A3B1-43FE-86A1-283437238DFC}
		{BFC77CA4-162B-4CB9-81B3-AABA289D598F} = {B8B7A4BD-A3B1-43FE-86A1-283437238DFC}
		{8BAF0151-73F7-40B0-B165-154E8DB1063C} = {1F83B58E-55AE-440F-A3F9-B54CE699E7D4}
		{8748B3C8-5A36-48AC-B9EE-B5671F1D321D} = {57436C3B-4EC5-41DD-A561-952CE8D6AC47}
		{2FBFF6AB-B681-4DCE-80A3-73013B086C27} = {57436C3B-4EC5-41DD-A561-952CE8D6AC47}
		{19926E0F-4314-4EC1-A349-3D1182D2D6D2} = {57436C3B-4EC5-41DD-A561-952CE8D6AC47}
		{A484063B-66BF-4BAA-B7F9-A77426DD5CAA} = {57436C3B-4EC5-41DD-A561-952CE8D6AC47}
		{8DF779D8-2DC9-484F-B3DF-0E36EEF5F77B} = {57436C3B-4EC5-41DD-A561-952CE8D6AC47}
		{940C1339-CC57-4B72-A71C-9AEEC646C374} = {12D957C3-0AC9-4AC6-BDEA-4F4947C1A7D6}
		{D0FB8CD0-BA79-4941-B3AF-51DFAC57BB14} = {1F83B58E-55AE-440F-A3F9-B54CE699E7D4}
		{24F5828D-969E-484C-9753-B450E4221F35} = {3B2C85D3-D4DC-4489-AA12-5E78BDD1B7D4}
		{B4DFF1FD-8929-44C4-8CE8-899B1DC8CC41} = {3B2C85D3-D4DC-4489-AA12-5E78BDD1B7D4}
		{F99213A7-6DE3-45DB-B509-5A286081CC01} = {57436C3B-4EC5-41DD-A561-952CE8D6AC47}
	EndGlobalSection
	GlobalSection(ExtensibilityGlobals) = postSolution
		SolutionGuid = {80583692-0B0B-46C8-AAFF-0F068436D75C}
	EndGlobalSection
EndGlobal
